Microsoft Visual Studio Solution File, Format Version 12.00
# Visual Studio 2012
Project("{FAE04EC0-301F-11D3-BF4B-00C04F79EFBC}") = "Planets VCR Sim", "Planets VCR Sim.csproj", "{EDA1A02F-209A-46E4-B0BA-DC3BB1D07ECE}"
EndProject
Global
	GlobalSection(SolutionConfigurationPlatforms) = preSolution
	Debug|Any CPU = Debug|Any CPU
	ExportDebug|Any CPU = ExportDebug|Any CPU
	ExportRelease|Any CPU = ExportRelease|Any CPU
	EndGlobalSection
	GlobalSection(ProjectConfigurationPlatforms) = postSolution
		{EDA1A02F-209A-46E4-B0BA-DC3BB1D07ECE}.Debug|Any CPU.ActiveCfg = Debug|Any CPU
		{EDA1A02F-209A-46E4-B0BA-DC3BB1D07ECE}.Debug|Any CPU.Build.0 = Debug|Any CPU
		{EDA1A02F-209A-46E4-B0BA-DC3BB1D07ECE}.ExportDebug|Any CPU.ActiveCfg = ExportDebug|Any CPU
		{EDA1A02F-209A-46E4-B0BA-DC3BB1D07ECE}.ExportDebug|Any CPU.Build.0 = ExportDebug|Any CPU
		{EDA1A02F-209A-46E4-B0BA-DC3BB1D07ECE}.ExportRelease|Any CPU.ActiveCfg = ExportRelease|Any CPU
		{EDA1A02F-209A-46E4-B0BA-DC3BB1D07ECE}.ExportRelease|Any CPU.Build.0 = ExportRelease|Any CPU
	EndGlobalSection
EndGlobal
